{
    "_readme": [
        "This file locks the dependencies of your project to a known state",
        "Read more about it at https://getcomposer.org/doc/01-basic-usage.md#installing-dependencies",
        "This file is @generated automatically"
    ],
    "content-hash": "18090d49a4f5bf6aeab0e53b5859c251",
    "packages": [
        {
            "name": "ekowabaka/clearice",
            "version": "v3.2.0",
            "source": {
                "type": "git",
                "url": "https://github.com/ekowabaka/clearice.git",
                "reference": "ec521982b26ca4ca2e4823a6f8587ee49c06060b"
            },
            "dist": {
                "type": "zip",
                "url": "https://api.github.com/repos/ekowabaka/clearice/zipball/ec521982b26ca4ca2e4823a6f8587ee49c06060b",
                "reference": "ec521982b26ca4ca2e4823a6f8587ee49c06060b",
                "shasum": ""
            },
            "require": {
                "php": ">=7.1"
            },
            "require-dev": {
                "mikey179/vfsstream": "@stable",
                "phpunit/phpunit": "@stable"
            },
            "type": "library",
            "autoload": {
                "psr-4": {
                    "clearice\\": "src/",
                    "clearice\\tests\\": "tests/"
                }
            },
            "notification-url": "https://packagist.org/downloads/",
            "license": [
                "MIT"
            ],
            "authors": [
                {
                    "name": "James Ekow Abaka Ainooson",
                    "email": "jainooson@gmail.com",
                    "homepage": "http://ekowabaka.me"
                }
            ],
            "description": "A tool to help in the building of CLI apps. Provides command line parsing and simple console I/O interfaces.",
            "support": {
                "issues": "https://github.com/ekowabaka/clearice/issues",
                "source": "https://github.com/ekowabaka/clearice/tree/v3.2.0"
            },
            "time": "2021-02-01T17:48:15+00:00"
        },
        {
            "name": "mustache/mustache",
            "version": "v2.13.0",
            "source": {
                "type": "git",
                "url": "https://github.com/bobthecow/mustache.php.git",
                "reference": "e95c5a008c23d3151d59ea72484d4f72049ab7f4"
            },
            "dist": {
                "type": "zip",
                "url": "https://api.github.com/repos/bobthecow/mustache.php/zipball/e95c5a008c23d3151d59ea72484d4f72049ab7f4",
                "reference": "e95c5a008c23d3151d59ea72484d4f72049ab7f4",
                "shasum": ""
            },
            "require": {
                "php": ">=5.2.4"
            },
            "require-dev": {
                "friendsofphp/php-cs-fixer": "~1.11",
                "phpunit/phpunit": "~3.7|~4.0|~5.0"
            },
            "type": "library",
            "autoload": {
                "psr-0": {
                    "Mustache": "src/"
                }
            },
            "notification-url": "https://packagist.org/downloads/",
            "license": [
                "MIT"
            ],
            "authors": [
                {
                    "name": "Justin Hileman",
                    "email": "justin@justinhileman.info",
                    "homepage": "http://justinhileman.com"
                }
            ],
            "description": "A Mustache implementation in PHP.",
            "homepage": "https://github.com/bobthecow/mustache.php",
            "keywords": [
                "mustache",
                "templating"
            ],
            "support": {
                "issues": "https://github.com/bobthecow/mustache.php/issues",
                "source": "https://github.com/bobthecow/mustache.php/tree/master"
            },
            "time": "2019-11-23T21:40:31+00:00"
        },
        {
            "name": "ntentan/honam",
            "version": "v0.6.5",
            "source": {
                "type": "git",
                "url": "https://github.com/ntentan/honam.git",
                "reference": "ba8583a90a4121828b707a96b7e3f68fc9b9758f"
            },
            "dist": {
                "type": "zip",
                "url": "https://api.github.com/repos/ntentan/honam/zipball/ba8583a90a4121828b707a96b7e3f68fc9b9758f",
                "reference": "ba8583a90a4121828b707a96b7e3f68fc9b9758f",
                "shasum": ""
            },
            "require": {
                "ext-mbstring": "*",
                "ext-simplexml": "*",
                "ntentan/utils": "0.*"
            },
            "require-dev": {
                "mikey179/vfsstream": "@stable",
                "mustache/mustache": "@stable",
                "phpunit/phpunit": "@stable",
                "smarty/smarty": "~3.1"
            },
            "suggest": {
                "mustache/mustache": "For mustache template support (2.*)",
                "smarty/smarty": "For smarty template support (3.*)"
            },
            "type": "library",
            "autoload": {
                "psr-4": {
                    "ntentan\\honam\\": "src/",
                    "ntentan\\honam\\tests\\": "tests/"
                }
            },
            "notification-url": "https://packagist.org/downloads/",
            "license": [
                "MIT"
            ],
            "authors": [
                {
                    "name": "Ekow Abaka Ainooson",
                    "email": "jainooson@gmail.com"
                }
            ],
            "description": "The views component of the ntentan framework.",
            "support": {
                "issues": "https://github.com/ntentan/honam/issues",
                "source": "https://github.com/ntentan/honam/tree/v0.6.5"
            },
            "time": "2021-11-30T05:28:08+00:00"
        },
        {
            "name": "ntentan/panie",
            "version": "v0.7.0",
            "source": {
                "type": "git",
                "url": "https://github.com/ntentan/panie.git",
                "reference": "cd014373566ff6b9c260cf4da315e56120dd740b"
            },
            "dist": {
                "type": "zip",
                "url": "https://api.github.com/repos/ntentan/panie/zipball/cd014373566ff6b9c260cf4da315e56120dd740b",
                "reference": "cd014373566ff6b9c260cf4da315e56120dd740b",
                "shasum": ""
            },
            "require": {
                "php": ">=7.1",
                "psr/container": "^1.0"
            },
            "require-dev": {
                "phpunit/phpunit": "@stable"
            },
            "type": "library",
            "autoload": {
                "psr-4": {
                    "ntentan\\panie\\": "src/",
                    "ntentan\\panie\\tests\\": "tests/"
                }
            },
            "notification-url": "https://packagist.org/downloads/",
            "license": [
                "MIT"
            ],
            "authors": [
                {
                    "name": "James Ekow Abaka Ainooson",
                    "email": "jainooson@gmail.com"
                }
            ],
            "description": "A thin DI container for NtentanFX",
            "support": {
                "issues": "https://github.com/ntentan/panie/issues",
                "source": "https://github.com/ntentan/panie/tree/master"
            },
            "time": "2018-12-03T02:49:40+00:00"
        },
        {
            "name": "ntentan/utils",
            "version": "v0.11.1",
            "source": {
                "type": "git",
                "url": "https://github.com/ntentan/utils.git",
                "reference": "558cf2b333dff3d56bfa8b9a3a60cb2127fa299c"
            },
            "dist": {
                "type": "zip",
                "url": "https://api.github.com/repos/ntentan/utils/zipball/558cf2b333dff3d56bfa8b9a3a60cb2127fa299c",
                "reference": "558cf2b333dff3d56bfa8b9a3a60cb2127fa299c",
                "shasum": ""
            },
            "require-dev": {
                "mikey179/vfsstream": "@stable",
                "php-mock/php-mock-phpunit": "^2",
                "phpunit/phpunit": "@stable"
            },
            "type": "library",
            "autoload": {
                "psr-4": {
                    "ntentan\\utils\\": "src/",
                    "ntentan\\utils\\tests\\": "tests/"
                }
            },
            "notification-url": "https://packagist.org/downloads/",
            "license": [
                "MIT"
            ],
            "authors": [
                {
                    "name": "Ekow Abaka Ainooson",
                    "email": "jainooson@gmail.com"
                }
            ],
            "description": "Common utility functions shared accross the ntentan framework.",
            "support": {
                "issues": "https://github.com/ntentan/utils/issues",
                "source": "https://github.com/ntentan/utils/tree/v0.11.1"
            },
            "time": "2021-11-05T18:56:35+00:00"
        },
        {
            "name": "psr/container",
            "version": "1.1.2",
            "source": {
                "type": "git",
                "url": "https://github.com/php-fig/container.git",
                "reference": "513e0666f7216c7459170d56df27dfcefe1689ea"
            },
            "dist": {
                "type": "zip",
                "url": "https://api.github.com/repos/php-fig/container/zipball/513e0666f7216c7459170d56df27dfcefe1689ea",
                "reference": "513e0666f7216c7459170d56df27dfcefe1689ea",
                "shasum": ""
            },
            "require": {
                "php": ">=7.4.0"
            },
            "type": "library",
            "autoload": {
                "psr-4": {
                    "Psr\\Container\\": "src/"
                }
            },
            "notification-url": "https://packagist.org/downloads/",
            "license": [
                "MIT"
            ],
            "authors": [
                {
                    "name": "PHP-FIG",
                    "homepage": "https://www.php-fig.org/"
                }
            ],
            "description": "Common Container Interface (PHP FIG PSR-11)",
            "homepage": "https://github.com/php-fig/container",
            "keywords": [
                "PSR-11",
                "container",
                "container-interface",
                "container-interop",
                "psr"
            ],
            "support": {
                "issues": "https://github.com/php-fig/container/issues",
                "source": "https://github.com/php-fig/container/tree/1.1.2"
            },
            "time": "2021-11-05T16:50:12+00:00"
        },
        {
            "name": "scssphp/scssphp",
            "version": "v1.8.1",
            "source": {
                "type": "git",
                "url": "https://github.com/scssphp/scssphp.git",
                "reference": "5e37759a63caf54392a4b709358a39ac7425a69f"
            },
            "dist": {
                "type": "zip",
                "url": "https://api.github.com/repos/scssphp/scssphp/zipball/5e37759a63caf54392a4b709358a39ac7425a69f",
                "reference": "5e37759a63caf54392a4b709358a39ac7425a69f",
                "shasum": ""
            },
            "require": {
                "ext-ctype": "*",
                "ext-json": "*",
                "php": ">=5.6.0"
            },
            "require-dev": {
                "bamarni/composer-bin-plugin": "^1.4",
                "phpunit/phpunit": "^5.7 || ^6.5 || ^7.5 || ^8.3 || ^9.4",
                "sass/sass-spec": "*",
                "squizlabs/php_codesniffer": "~3.5",
                "symfony/phpunit-bridge": "^5.1",
                "thoughtbot/bourbon": "^7.0",
                "twbs/bootstrap": "~5.0",
                "twbs/bootstrap4": "4.6.0",
                "zurb/foundation": "~6.5"
            },
            "suggest": {
                "ext-iconv": "Can be used as fallback when ext-mbstring is not available",
                "ext-mbstring": "For best performance, mbstring should be installed as it is faster than ext-iconv"
            },
            "bin": [
                "bin/pscss"
            ],
            "type": "library",
            "autoload": {
                "psr-4": {
                    "ScssPhp\\ScssPhp\\": "src/"
                }
            },
            "notification-url": "https://packagist.org/downloads/",
            "license": [
                "MIT"
            ],
            "authors": [
                {
                    "name": "Anthon Pang",
                    "email": "apang@softwaredevelopment.ca",
                    "homepage": "https://github.com/robocoder"
                },
                {
                    "name": "Cédric Morin",
                    "email": "cedric@yterium.com",
                    "homepage": "https://github.com/Cerdic"
                }
            ],
            "description": "scssphp is a compiler for SCSS written in PHP.",
            "homepage": "http://scssphp.github.io/scssphp/",
            "keywords": [
                "css",
                "less",
                "sass",
                "scss",
                "stylesheet"
            ],
            "support": {
                "issues": "https://github.com/scssphp/scssphp/issues",
                "source": "https://github.com/scssphp/scssphp/tree/v1.8.1"
            },
            "time": "2021-09-18T21:20:53+00:00"
        }
    ],
    "packages-dev": [],
    "aliases": [],
    "minimum-stability": "stable",
    "stability-flags": {
        "ekowabaka/clearice": 0,
        "mustache/mustache": 0,
        "ntentan/panie": 0,
        "ntentan/honam": 0
    },
    "prefer-stable": false,
    "prefer-lowest": false,
    "platform": {
        "ext-json": "*"
    },
    "platform-dev": [],
    "plugin-api-version": "2.1.0"
}
