{
    "_readme": [
        "This file locks the dependencies of your project to a known state",
        "Read more about it at https://getcomposer.org/doc/01-basic-usage.md#installing-dependencies",
        "This file is @generated automatically"
    ],
    "content-hash": "5c9b2b4182997bfffa76c28cafcd29c4",
    "packages": [
        {
            "name": "ekowabaka/clearice",
            "version": "v3.2.1",
            "source": {
                "type": "git",
                "url": "https://github.com/ekowabaka/clearice.git",
                "reference": "b8cf47772cbbacc62f155f41807023951a49f2f5"
            },
            "dist": {
                "type": "zip",
                "url": "https://api.github.com/repos/ekowabaka/clearice/zipball/b8cf47772cbbacc62f155f41807023951a49f2f5",
                "reference": "b8cf47772cbbacc62f155f41807023951a49f2f5",
                "shasum": ""
            },
            "require": {
                "php": ">=7.1"
            },
            "require-dev": {
                "mikey179/vfsstream": "@stable",
                "phpunit/phpunit": "@stable"
            },
            "type": "library",
            "autoload": {
                "psr-4": {
                    "clearice\\": "src/",
                    "clearice\\tests\\": "tests/"
                }
            },
            "notification-url": "https://packagist.org/downloads/",
            "license": [
                "MIT"
            ],
            "authors": [
                {
                    "name": "James Ekow Abaka Ainooson",
                    "email": "jainooson@gmail.com",
                    "homepage": "http://ekowabaka.me"
                }
            ],
            "description": "A tool to help in the building of CLI apps. Provides command line parsing and simple console I/O interfaces.",
            "support": {
                "issues": "https://github.com/ekowabaka/clearice/issues",
                "source": "https://github.com/ekowabaka/clearice/tree/v3.2.1"
            },
            "time": "2022-12-17T14:23:30+00:00"
        },
        {
            "name": "mustache/mustache",
            "version": "v2.14.2",
            "source": {
                "type": "git",
                "url": "https://github.com/bobthecow/mustache.php.git",
                "reference": "e62b7c3849d22ec55f3ec425507bf7968193a6cb"
            },
            "dist": {
                "type": "zip",
                "url": "https://api.github.com/repos/bobthecow/mustache.php/zipball/e62b7c3849d22ec55f3ec425507bf7968193a6cb",
                "reference": "e62b7c3849d22ec55f3ec425507bf7968193a6cb",
                "shasum": ""
            },
            "require": {
                "php": ">=5.2.4"
            },
            "require-dev": {
                "friendsofphp/php-cs-fixer": "~1.11",
                "phpunit/phpunit": "~3.7|~4.0|~5.0"
            },
            "type": "library",
            "autoload": {
                "psr-0": {
                    "Mustache": "src/"
                }
            },
            "notification-url": "https://packagist.org/downloads/",
            "license": [
                "MIT"
            ],
            "authors": [
                {
                    "name": "Justin Hileman",
                    "email": "justin@justinhileman.info",
                    "homepage": "http://justinhileman.com"
                }
            ],
            "description": "A Mustache implementation in PHP.",
            "homepage": "https://github.com/bobthecow/mustache.php",
            "keywords": [
                "mustache",
                "templating"
            ],
            "support": {
                "issues": "https://github.com/bobthecow/mustache.php/issues",
                "source": "https://github.com/bobthecow/mustache.php/tree/v2.14.2"
            },
            "time": "2022-08-23T13:07:01+00:00"
        },
        {
            "name": "ntentan/honam",
            "version": "v0.9.0",
            "source": {
                "type": "git",
                "url": "https://github.com/ntentan/honam.git",
                "reference": "28f73522e683c026a72e4b80efe71f1020e68b71"
            },
            "dist": {
                "type": "zip",
                "url": "https://api.github.com/repos/ntentan/honam/zipball/28f73522e683c026a72e4b80efe71f1020e68b71",
                "reference": "28f73522e683c026a72e4b80efe71f1020e68b71",
                "shasum": ""
            },
            "require": {
                "ext-mbstring": "*",
                "ext-simplexml": "*",
                "ntentan/utils": "0.*"
            },
            "require-dev": {
                "mikey179/vfsstream": "@stable",
                "mustache/mustache": "@stable",
                "phpunit/phpunit": "@stable",
                "smarty/smarty": "4.*"
            },
            "suggest": {
                "mustache/mustache": "For mustache template support (2.*)",
                "smarty/smarty": "For smarty template support (4.*)"
            },
            "type": "library",
            "autoload": {
                "psr-4": {
                    "ntentan\\honam\\": "src/",
                    "ntentan\\honam\\tests\\": "tests/"
                }
            },
            "notification-url": "https://packagist.org/downloads/",
            "license": [
                "MIT"
            ],
            "authors": [
                {
                    "name": "Ekow Abaka Ainooson",
                    "email": "jainooson@gmail.com"
                }
            ],
            "description": "The views component of the ntentan framework.",
            "support": {
                "issues": "https://github.com/ntentan/honam/issues",
                "source": "https://github.com/ntentan/honam/tree/v0.9.0"
            },
            "time": "2025-04-05T11:49:04+00:00"
        },
        {
            "name": "ntentan/kaikai",
            "version": "v0.6.0",
            "source": {
                "type": "git",
                "url": "https://github.com/ntentan/kaikai.git",
                "reference": "0b373e0d862525b240d3bd3c24ce4d0e68d0f30f"
            },
            "dist": {
                "type": "zip",
                "url": "https://api.github.com/repos/ntentan/kaikai/zipball/0b373e0d862525b240d3bd3c24ce4d0e68d0f30f",
                "reference": "0b373e0d862525b240d3bd3c24ce4d0e68d0f30f",
                "shasum": ""
            },
            "require-dev": {
                "mikey179/vfsstream": "@stable",
                "php-mock/php-mock-phpunit": "@stable",
                "phpunit/phpunit": "@stable"
            },
            "type": "library",
            "autoload": {
                "psr-4": {
                    "ntentan\\kaikai\\": "src/",
                    "ntentan\\kaikai\\tests\\": "tests/"
                }
            },
            "notification-url": "https://packagist.org/downloads/",
            "license": [
                "MIT"
            ],
            "authors": [
                {
                    "name": "ekow",
                    "email": "your@email.here"
                }
            ],
            "description": "Caching for Ntentan Framework",
            "support": {
                "issues": "https://github.com/ntentan/kaikai/issues",
                "source": "https://github.com/ntentan/kaikai/tree/v0.6.0"
            },
            "time": "2025-01-21T00:03:35+00:00"
        },
        {
            "name": "ntentan/ntentan",
            "version": "v0.9.1",
            "source": {
                "type": "git",
                "url": "https://github.com/ntentan/ntentan.git",
                "reference": "4d2442f0ceeed4140c02291f2e8ea81f12ca095a"
            },
            "dist": {
                "type": "zip",
                "url": "https://api.github.com/repos/ntentan/ntentan/zipball/4d2442f0ceeed4140c02291f2e8ea81f12ca095a",
                "reference": "4d2442f0ceeed4140c02291f2e8ea81f12ca095a",
                "shasum": ""
            },
            "require": {
                "ntentan/panie": "0.*",
                "php": ">=8.2.0",
                "psr/http-message": "^2.0",
                "psr/http-server-handler": "^1.0",
                "psr/http-server-middleware": "^1.0"
            },
            "require-dev": {
                "phpunit/phpunit": "@stable"
            },
            "type": "library",
            "autoload": {
                "psr-4": {
                    "ntentan\\": "src/"
                }
            },
            "notification-url": "https://packagist.org/downloads/",
            "license": [
                "MIT"
            ],
            "authors": [
                {
                    "name": "James Ekow Abaka Ainooson",
                    "email": "jainooson@gmail.com",
                    "homepage": "http://ekowabaka.me"
                }
            ],
            "description": "Another PHP application framework.",
            "support": {
                "issues": "https://github.com/ntentan/ntentan/issues",
                "source": "https://github.com/ntentan/ntentan/tree/v0.9.1"
            },
            "time": "2025-03-15T16:06:34+00:00"
        },
        {
            "name": "ntentan/panie",
            "version": "v0.9.1",
            "source": {
                "type": "git",
                "url": "https://github.com/ntentan/panie.git",
                "reference": "b315b9a6c66a06827ef11b6d8fe87feb9a4fa29c"
            },
            "dist": {
                "type": "zip",
                "url": "https://api.github.com/repos/ntentan/panie/zipball/b315b9a6c66a06827ef11b6d8fe87feb9a4fa29c",
                "reference": "b315b9a6c66a06827ef11b6d8fe87feb9a4fa29c",
                "shasum": ""
            },
            "require": {
                "php": ">=8.2",
                "psr/container": "^1.0"
            },
            "require-dev": {
                "phpunit/phpunit": "@stable"
            },
            "type": "library",
            "autoload": {
                "psr-4": {
                    "ntentan\\panie\\": "src/",
                    "ntentan\\panie\\tests\\": "tests/"
                }
            },
            "notification-url": "https://packagist.org/downloads/",
            "license": [
                "MIT"
            ],
            "authors": [
                {
                    "name": "James Ekow Abaka Ainooson",
                    "email": "jainooson@gmail.com"
                }
            ],
            "description": "A thin DI container for NtentanFX",
            "support": {
                "issues": "https://github.com/ntentan/panie/issues",
                "source": "https://github.com/ntentan/panie/tree/v0.9.1"
            },
            "time": "2025-04-05T14:56:10+00:00"
        },
        {
            "name": "ntentan/utils",
            "version": "v0.13.0",
            "source": {
                "type": "git",
                "url": "https://github.com/ntentan/utils.git",
                "reference": "d863bea03b5086d3e251650b0733bbe381acb8f4"
            },
            "dist": {
                "type": "zip",
                "url": "https://api.github.com/repos/ntentan/utils/zipball/d863bea03b5086d3e251650b0733bbe381acb8f4",
                "reference": "d863bea03b5086d3e251650b0733bbe381acb8f4",
                "shasum": ""
            },
            "require-dev": {
                "mikey179/vfsstream": "@stable",
                "php-mock/php-mock-phpunit": "^2",
                "phpunit/phpunit": "@stable"
            },
            "type": "library",
            "autoload": {
                "psr-4": {
                    "ntentan\\utils\\": "src/",
                    "ntentan\\utils\\tests\\": "tests/"
                }
            },
            "notification-url": "https://packagist.org/downloads/",
            "license": [
                "MIT"
            ],
            "authors": [
                {
                    "name": "Ekow Abaka Ainooson",
                    "email": "jainooson@gmail.com"
                }
            ],
            "description": "Common utility functions shared accross the ntentan framework.",
            "support": {
                "issues": "https://github.com/ntentan/utils/issues",
                "source": "https://github.com/ntentan/utils/tree/v0.13.0"
            },
            "time": "2024-07-13T15:26:35+00:00"
        },
        {
            "name": "psr/container",
            "version": "1.1.2",
            "source": {
                "type": "git",
                "url": "https://github.com/php-fig/container.git",
                "reference": "513e0666f7216c7459170d56df27dfcefe1689ea"
            },
            "dist": {
                "type": "zip",
                "url": "https://api.github.com/repos/php-fig/container/zipball/513e0666f7216c7459170d56df27dfcefe1689ea",
                "reference": "513e0666f7216c7459170d56df27dfcefe1689ea",
                "shasum": ""
            },
            "require": {
                "php": ">=7.4.0"
            },
            "type": "library",
            "autoload": {
                "psr-4": {
                    "Psr\\Container\\": "src/"
                }
            },
            "notification-url": "https://packagist.org/downloads/",
            "license": [
                "MIT"
            ],
            "authors": [
                {
                    "name": "PHP-FIG",
                    "homepage": "https://www.php-fig.org/"
                }
            ],
            "description": "Common Container Interface (PHP FIG PSR-11)",
            "homepage": "https://github.com/php-fig/container",
            "keywords": [
                "PSR-11",
                "container",
                "container-interface",
                "container-interop",
                "psr"
            ],
            "support": {
                "issues": "https://github.com/php-fig/container/issues",
                "source": "https://github.com/php-fig/container/tree/1.1.2"
            },
            "time": "2021-11-05T16:50:12+00:00"
        },
        {
            "name": "psr/http-message",
            "version": "2.0",
            "source": {
                "type": "git",
                "url": "https://github.com/php-fig/http-message.git",
                "reference": "402d35bcb92c70c026d1a6a9883f06b2ead23d71"
            },
            "dist": {
                "type": "zip",
                "url": "https://api.github.com/repos/php-fig/http-message/zipball/402d35bcb92c70c026d1a6a9883f06b2ead23d71",
                "reference": "402d35bcb92c70c026d1a6a9883f06b2ead23d71",
                "shasum": ""
            },
            "require": {
                "php": "^7.2 || ^8.0"
            },
            "type": "library",
            "extra": {
                "branch-alias": {
                    "dev-master": "2.0.x-dev"
                }
            },
            "autoload": {
                "psr-4": {
                    "Psr\\Http\\Message\\": "src/"
                }
            },
            "notification-url": "https://packagist.org/downloads/",
            "license": [
                "MIT"
            ],
            "authors": [
                {
                    "name": "PHP-FIG",
                    "homepage": "https://www.php-fig.org/"
                }
            ],
            "description": "Common interface for HTTP messages",
            "homepage": "https://github.com/php-fig/http-message",
            "keywords": [
                "http",
                "http-message",
                "psr",
                "psr-7",
                "request",
                "response"
            ],
            "support": {
                "source": "https://github.com/php-fig/http-message/tree/2.0"
            },
            "time": "2023-04-04T09:54:51+00:00"
        },
        {
            "name": "psr/http-server-handler",
            "version": "1.0.2",
            "source": {
                "type": "git",
                "url": "https://github.com/php-fig/http-server-handler.git",
                "reference": "84c4fb66179be4caaf8e97bd239203245302e7d4"
            },
            "dist": {
                "type": "zip",
                "url": "https://api.github.com/repos/php-fig/http-server-handler/zipball/84c4fb66179be4caaf8e97bd239203245302e7d4",
                "reference": "84c4fb66179be4caaf8e97bd239203245302e7d4",
                "shasum": ""
            },
            "require": {
                "php": ">=7.0",
                "psr/http-message": "^1.0 || ^2.0"
            },
            "type": "library",
            "extra": {
                "branch-alias": {
                    "dev-master": "1.0.x-dev"
                }
            },
            "autoload": {
                "psr-4": {
                    "Psr\\Http\\Server\\": "src/"
                }
            },
            "notification-url": "https://packagist.org/downloads/",
            "license": [
                "MIT"
            ],
            "authors": [
                {
                    "name": "PHP-FIG",
                    "homepage": "https://www.php-fig.org/"
                }
            ],
            "description": "Common interface for HTTP server-side request handler",
            "keywords": [
                "handler",
                "http",
                "http-interop",
                "psr",
                "psr-15",
                "psr-7",
                "request",
                "response",
                "server"
            ],
            "support": {
                "source": "https://github.com/php-fig/http-server-handler/tree/1.0.2"
            },
            "time": "2023-04-10T20:06:20+00:00"
        },
        {
            "name": "psr/http-server-middleware",
            "version": "1.0.2",
            "source": {
                "type": "git",
                "url": "https://github.com/php-fig/http-server-middleware.git",
                "reference": "c1481f747daaa6a0782775cd6a8c26a1bf4a3829"
            },
            "dist": {
                "type": "zip",
                "url": "https://api.github.com/repos/php-fig/http-server-middleware/zipball/c1481f747daaa6a0782775cd6a8c26a1bf4a3829",
                "reference": "c1481f747daaa6a0782775cd6a8c26a1bf4a3829",
                "shasum": ""
            },
            "require": {
                "php": ">=7.0",
                "psr/http-message": "^1.0 || ^2.0",
                "psr/http-server-handler": "^1.0"
            },
            "type": "library",
            "extra": {
                "branch-alias": {
                    "dev-master": "1.0.x-dev"
                }
            },
            "autoload": {
                "psr-4": {
                    "Psr\\Http\\Server\\": "src/"
                }
            },
            "notification-url": "https://packagist.org/downloads/",
            "license": [
                "MIT"
            ],
            "authors": [
                {
                    "name": "PHP-FIG",
                    "homepage": "https://www.php-fig.org/"
                }
            ],
            "description": "Common interface for HTTP server-side middleware",
            "keywords": [
                "http",
                "http-interop",
                "middleware",
                "psr",
                "psr-15",
                "psr-7",
                "request",
                "response"
            ],
            "support": {
                "issues": "https://github.com/php-fig/http-server-middleware/issues",
                "source": "https://github.com/php-fig/http-server-middleware/tree/1.0.2"
            },
            "time": "2023-04-11T06:14:47+00:00"
        },
        {
            "name": "scssphp/scssphp",
            "version": "v1.13.0",
            "source": {
                "type": "git",
                "url": "https://github.com/scssphp/scssphp.git",
                "reference": "63d1157457e5554edf00b0c1fabab4c1511d2520"
            },
            "dist": {
                "type": "zip",
                "url": "https://api.github.com/repos/scssphp/scssphp/zipball/63d1157457e5554edf00b0c1fabab4c1511d2520",
                "reference": "63d1157457e5554edf00b0c1fabab4c1511d2520",
                "shasum": ""
            },
            "require": {
                "ext-ctype": "*",
                "ext-json": "*",
                "php": ">=5.6.0"
            },
            "require-dev": {
                "bamarni/composer-bin-plugin": "^1.4",
                "phpunit/phpunit": "^5.7 || ^6.5 || ^7.5 || ^8.3 || ^9.4",
                "sass/sass-spec": "*",
                "squizlabs/php_codesniffer": "~3.5",
                "symfony/phpunit-bridge": "^5.1",
                "thoughtbot/bourbon": "^7.0",
                "twbs/bootstrap": "~5.0",
                "twbs/bootstrap4": "4.6.1",
                "zurb/foundation": "~6.7.0"
            },
            "suggest": {
                "ext-iconv": "Can be used as fallback when ext-mbstring is not available",
                "ext-mbstring": "For best performance, mbstring should be installed as it is faster than ext-iconv"
            },
            "bin": [
                "bin/pscss"
            ],
            "type": "library",
            "extra": {
                "bamarni-bin": {
                    "bin-links": false,
                    "forward-command": false
                }
            },
            "autoload": {
                "psr-4": {
                    "ScssPhp\\ScssPhp\\": "src/"
                }
            },
            "notification-url": "https://packagist.org/downloads/",
            "license": [
                "MIT"
            ],
            "authors": [
                {
                    "name": "Anthon Pang",
                    "email": "apang@softwaredevelopment.ca",
                    "homepage": "https://github.com/robocoder"
                },
                {
                    "name": "Cédric Morin",
                    "email": "cedric@yterium.com",
                    "homepage": "https://github.com/Cerdic"
                }
            ],
            "description": "scssphp is a compiler for SCSS written in PHP.",
            "homepage": "http://scssphp.github.io/scssphp/",
            "keywords": [
                "css",
                "less",
                "sass",
                "scss",
                "stylesheet"
            ],
            "support": {
                "issues": "https://github.com/scssphp/scssphp/issues",
                "source": "https://github.com/scssphp/scssphp/tree/v1.13.0"
            },
            "time": "2024-08-17T21:02:11+00:00"
        }
    ],
    "packages-dev": [],
    "aliases": [],
    "minimum-stability": "stable",
    "stability-flags": {
        "ekowabaka/clearice": 0,
        "mustache/mustache": 0,
        "ntentan/honam": 0,
        "ntentan/kaikai": 0,
        "ntentan/ntentan": 0,
        "ntentan/panie": 0
    },
    "prefer-stable": false,
    "prefer-lowest": false,
    "platform": {
        "ext-pcntl": "*",
        "ext-json": "*"
    },
    "platform-dev": {},
    "plugin-api-version": "2.6.0"
}
