{
    "_readme": [
        "This file locks the dependencies of your project to a known state",
        "Read more about it at https://getcomposer.org/doc/01-basic-usage.md#installing-dependencies",
        "This file is @generated automatically"
    ],
    "content-hash": "93c5984e4789f8fd66e7131d8af6b602",
    "packages": [
        {
            "name": "ekowabaka/clearice",
            "version": "v3.0.2",
            "source": {
                "type": "git",
                "url": "https://github.com/ekowabaka/clearice.git",
                "reference": "8762c8a75e62df5c1a5505f2c78d6809ab5b3658"
            },
            "dist": {
                "type": "zip",
                "url": "https://api.github.com/repos/ekowabaka/clearice/zipball/8762c8a75e62df5c1a5505f2c78d6809ab5b3658",
                "reference": "8762c8a75e62df5c1a5505f2c78d6809ab5b3658",
                "shasum": ""
            },
            "require": {
                "php": ">=7.1"
            },
            "require-dev": {
                "mikey179/vfsstream": "@stable",
                "phpunit/phpunit": "@stable"
            },
            "type": "library",
            "autoload": {
                "psr-4": {
                    "clearice\\": "src/",
                    "clearice\\tests\\": "tests/"
                }
            },
            "notification-url": "https://packagist.org/downloads/",
            "license": [
                "MIT"
            ],
            "authors": [
                {
                    "name": "James Ekow Abaka Ainooson",
                    "email": "jainooson@gmail.com",
                    "homepage": "http://ekowabaka.me"
                }
            ],
            "description": "A tool to help in the building of CLI apps. Provides command line parsing and simple console I/O interfaces.",
            "time": "2019-03-24T13:49:18+00:00"
        },
        {
            "name": "mustache/mustache",
            "version": "v2.13.0",
            "source": {
                "type": "git",
                "url": "https://github.com/bobthecow/mustache.php.git",
                "reference": "e95c5a008c23d3151d59ea72484d4f72049ab7f4"
            },
            "dist": {
                "type": "zip",
                "url": "https://api.github.com/repos/bobthecow/mustache.php/zipball/e95c5a008c23d3151d59ea72484d4f72049ab7f4",
                "reference": "e95c5a008c23d3151d59ea72484d4f72049ab7f4",
                "shasum": ""
            },
            "require": {
                "php": ">=5.2.4"
            },
            "require-dev": {
                "friendsofphp/php-cs-fixer": "~1.11",
                "phpunit/phpunit": "~3.7|~4.0|~5.0"
            },
            "type": "library",
            "autoload": {
                "psr-0": {
                    "Mustache": "src/"
                }
            },
            "notification-url": "https://packagist.org/downloads/",
            "license": [
                "MIT"
            ],
            "authors": [
                {
                    "name": "Justin Hileman",
                    "email": "justin@justinhileman.info",
                    "homepage": "http://justinhileman.com"
                }
            ],
            "description": "A Mustache implementation in PHP.",
            "homepage": "https://github.com/bobthecow/mustache.php",
            "keywords": [
                "mustache",
                "templating"
            ],
            "time": "2019-11-23T21:40:31+00:00"
        },
        {
            "name": "ntentan/honam",
            "version": "v0.6.3",
            "source": {
                "type": "git",
                "url": "https://github.com/ntentan/honam.git",
                "reference": "25448e290effffb0a9aa83857acfccb8dfc6c7d3"
            },
            "dist": {
                "type": "zip",
                "url": "https://api.github.com/repos/ntentan/honam/zipball/25448e290effffb0a9aa83857acfccb8dfc6c7d3",
                "reference": "25448e290effffb0a9aa83857acfccb8dfc6c7d3",
                "shasum": ""
            },
            "require": {
                "ext-mbstring": "*",
                "ext-simplexml": "*",
                "ntentan/utils": "~0.9.0"
            },
            "require-dev": {
                "mikey179/vfsstream": "@stable",
                "mustache/mustache": "@stable",
                "phpunit/phpunit": "@stable",
                "smarty/smarty": "@stable"
            },
            "suggest": {
                "mustache/mustache": "For mustache template support (2.*)",
                "smarty/smarty": "For smarty template support (3.*)"
            },
            "type": "library",
            "autoload": {
                "psr-4": {
                    "ntentan\\honam\\": "src/",
                    "ntentan\\honam\\tests\\": "tests/"
                }
            },
            "notification-url": "https://packagist.org/downloads/",
            "license": [
                "MIT"
            ],
            "authors": [
                {
                    "name": "Ekow Abaka Ainooson",
                    "email": "jainooson@gmail.com"
                }
            ],
            "description": "The views component of the ntentan framework.",
            "time": "2020-02-06T15:49:02+00:00"
        },
        {
            "name": "ntentan/panie",
            "version": "v0.7.0",
            "source": {
                "type": "git",
                "url": "https://github.com/ntentan/panie.git",
                "reference": "cd014373566ff6b9c260cf4da315e56120dd740b"
            },
            "dist": {
                "type": "zip",
                "url": "https://api.github.com/repos/ntentan/panie/zipball/cd014373566ff6b9c260cf4da315e56120dd740b",
                "reference": "cd014373566ff6b9c260cf4da315e56120dd740b",
                "shasum": ""
            },
            "require": {
                "php": ">=7.1",
                "psr/container": "^1.0"
            },
            "require-dev": {
                "phpunit/phpunit": "@stable"
            },
            "type": "library",
            "autoload": {
                "psr-4": {
                    "ntentan\\panie\\": "src/",
                    "ntentan\\panie\\tests\\": "tests/"
                }
            },
            "notification-url": "https://packagist.org/downloads/",
            "license": [
                "MIT"
            ],
            "authors": [
                {
                    "name": "James Ekow Abaka Ainooson",
                    "email": "jainooson@gmail.com"
                }
            ],
            "description": "A thin DI container for NtentanFX",
            "time": "2018-12-03T02:49:40+00:00"
        },
        {
            "name": "ntentan/utils",
            "version": "v0.9.1",
            "source": {
                "type": "git",
                "url": "https://github.com/ntentan/utils.git",
                "reference": "ecf00ff7cc956ab91b659dc289fed8c3a016fa40"
            },
            "dist": {
                "type": "zip",
                "url": "https://api.github.com/repos/ntentan/utils/zipball/ecf00ff7cc956ab91b659dc289fed8c3a016fa40",
                "reference": "ecf00ff7cc956ab91b659dc289fed8c3a016fa40",
                "shasum": ""
            },
            "require-dev": {
                "mikey179/vfsstream": "@stable",
                "php-mock/php-mock-phpunit": "^2",
                "phpunit/phpunit": "@stable"
            },
            "type": "library",
            "autoload": {
                "psr-4": {
                    "ntentan\\utils\\": "src/",
                    "ntentan\\utils\\tests\\": "tests/"
                }
            },
            "notification-url": "https://packagist.org/downloads/",
            "license": [
                "MIT"
            ],
            "authors": [
                {
                    "name": "Ekow Abaka Ainooson",
                    "email": "jainooson@gmail.com"
                }
            ],
            "description": "Common utility functions shared accross the ntentan framework.",
            "time": "2019-11-17T15:12:48+00:00"
        },
        {
            "name": "psr/container",
            "version": "1.0.0",
            "source": {
                "type": "git",
                "url": "https://github.com/php-fig/container.git",
                "reference": "b7ce3b176482dbbc1245ebf52b181af44c2cf55f"
            },
            "dist": {
                "type": "zip",
                "url": "https://api.github.com/repos/php-fig/container/zipball/b7ce3b176482dbbc1245ebf52b181af44c2cf55f",
                "reference": "b7ce3b176482dbbc1245ebf52b181af44c2cf55f",
                "shasum": ""
            },
            "require": {
                "php": ">=5.3.0"
            },
            "type": "library",
            "extra": {
                "branch-alias": {
                    "dev-master": "1.0.x-dev"
                }
            },
            "autoload": {
                "psr-4": {
                    "Psr\\Container\\": "src/"
                }
            },
            "notification-url": "https://packagist.org/downloads/",
            "license": [
                "MIT"
            ],
            "authors": [
                {
                    "name": "PHP-FIG",
                    "homepage": "http://www.php-fig.org/"
                }
            ],
            "description": "Common Container Interface (PHP FIG PSR-11)",
            "homepage": "https://github.com/php-fig/container",
            "keywords": [
                "PSR-11",
                "container",
                "container-interface",
                "container-interop",
                "psr"
            ],
            "time": "2017-02-14T16:28:37+00:00"
        }
    ],
    "packages-dev": [],
    "aliases": [],
    "minimum-stability": "stable",
    "stability-flags": {
        "ekowabaka/clearice": 0,
        "mustache/mustache": 0,
        "ntentan/panie": 0,
        "ntentan/honam": 0
    },
    "prefer-stable": false,
    "prefer-lowest": false,
    "platform": [],
    "platform-dev": []
}
